
Microsoft Visual Studio Solution File, Format Version 12.00
Project("{FAE04EC0-301F-11D3-BF4B-00C04F79EFBC}") = "WebApi", "WebApi\WebApi.csproj", "{9CFCEFF0-D119-41BA-A7AA-0001B94C546B}"
EndProject
Project("{2150E333-8FDC-42A3-9474-1A3956D46DE8}") = "src", "src", "{0FEB41D3-F743-416E-B00B-D2184109F5BF}"
EndProject
Project("{2150E333-8FDC-42A3-9474-1A3956D46DE8}") = "tests", "tests", "{441F4987-BDB7-441A-AE00-44213B7DF075}"
EndProject
Project("{FAE04EC0-301F-11D3-BF4B-00C04F79EFBC}") = "Domain", "Domain\Domain.csproj", "{EF714E4A-6E08-4C05-B449-70C6416688BF}"
EndProject
Project("{FAE04EC0-301F-11D3-BF4B-00C04F79EFBC}") = "Application", "Application\Application.csproj", "{2197C567-0E5A-433F-B66C-0F48C9CBB5CA}"
EndProject
Project("{FAE04EC0-301F-11D3-BF4B-00C04F79EFBC}") = "Infrastructure", "Infrastructure\Infrastructure.csproj", "{47EA7C8B-A446-4958-9BF6-C1464ADF0AE3}"
EndProject
Project("{FAE04EC0-301F-11D3-BF4B-00C04F79EFBC}") = "Tests", "Tests\Tests.csproj", "{A2D6EBBD-9935-43B1-BC3D-CF75AABDCFA9}"
EndProject
Global
	GlobalSection(SolutionConfigurationPlatforms) = preSolution
		Debug|Any CPU = Debug|Any CPU
		Release|Any CPU = Release|Any CPU
	EndGlobalSection
	GlobalSection(ProjectConfigurationPlatforms) = postSolution
		{9CFCEFF0-D119-41BA-A7AA-0001B94C546B}.Debug|Any CPU.ActiveCfg = Debug|Any CPU
		{9CFCEFF0-D119-41BA-A7AA-0001B94C546B}.Debug|Any CPU.Build.0 = Debug|Any CPU
		{9CFCEFF0-D119-41BA-A7AA-0001B94C546B}.Release|Any CPU.ActiveCfg = Release|Any CPU
		{9CFCEFF0-D119-41BA-A7AA-0001B94C546B}.Release|Any CPU.Build.0 = Release|Any CPU
		{EF714E4A-6E08-4C05-B449-70C6416688BF}.Debug|Any CPU.ActiveCfg = Debug|Any CPU
		{EF714E4A-6E08-4C05-B449-70C6416688BF}.Debug|Any CPU.Build.0 = Debug|Any CPU
		{EF714E4A-6E08-4C05-B449-70C6416688BF}.Release|Any CPU.ActiveCfg = Release|Any CPU
		{EF714E4A-6E08-4C05-B449-70C6416688BF}.Release|Any CPU.Build.0 = Release|Any CPU
		{2197C567-0E5A-433F-B66C-0F48C9CBB5CA}.Debug|Any CPU.ActiveCfg = Debug|Any CPU
		{2197C567-0E5A-433F-B66C-0F48C9CBB5CA}.Debug|Any CPU.Build.0 = Debug|Any CPU
		{2197C567-0E5A-433F-B66C-0F48C9CBB5CA}.Release|Any CPU.ActiveCfg = Release|Any CPU
		{2197C567-0E5A-433F-B66C-0F48C9CBB5CA}.Release|Any CPU.Build.0 = Release|Any CPU
		{47EA7C8B-A446-4958-9BF6-C1464ADF0AE3}.Debug|Any CPU.ActiveCfg = Debug|Any CPU
		{47EA7C8B-A446-4958-9BF6-C1464ADF0AE3}.Debug|Any CPU.Build.0 = Debug|Any CPU
		{47EA7C8B-A446-4958-9BF6-C1464ADF0AE3}.Release|Any CPU.ActiveCfg = Release|Any CPU
		{47EA7C8B-A446-4958-9BF6-C1464ADF0AE3}.Release|Any CPU.Build.0 = Release|Any CPU
		{A2D6EBBD-9935-43B1-BC3D-CF75AABDCFA9}.Debug|Any CPU.ActiveCfg = Debug|Any CPU
		{A2D6EBBD-9935-43B1-BC3D-CF75AABDCFA9}.Debug|Any CPU.Build.0 = Debug|Any CPU
		{A2D6EBBD-9935-43B1-BC3D-CF75AABDCFA9}.Release|Any CPU.ActiveCfg = Release|Any CPU
		{A2D6EBBD-9935-43B1-BC3D-CF75AABDCFA9}.Release|Any CPU.Build.0 = Release|Any CPU
	EndGlobalSection
	GlobalSection(NestedProjects) = preSolution
		{9CFCEFF0-D119-41BA-A7AA-0001B94C546B} = {0FEB41D3-F743-416E-B00B-D2184109F5BF}
		{EF714E4A-6E08-4C05-B449-70C6416688BF} = {0FEB41D3-F743-416E-B00B-D2184109F5BF}
		{2197C567-0E5A-433F-B66C-0F48C9CBB5CA} = {0FEB41D3-F743-416E-B00B-D2184109F5BF}
		{47EA7C8B-A446-4958-9BF6-C1464ADF0AE3} = {0FEB41D3-F743-416E-B00B-D2184109F5BF}
		{A2D6EBBD-9935-43B1-BC3D-CF75AABDCFA9} = {441F4987-BDB7-441A-AE00-44213B7DF075}
	EndGlobalSection
EndGlobal
